
Microsoft Visual Studio Solution File, Format Version 12.00
# Visual Studio 15
VisualStudioVersion = 15.0.28307.329
MinimumVisualStudioVersion = 10.0.40219.1
Project("{9A19103F-16F7-4668-BE54-9A1E7A4F7556}") = "CodeToPost", "CodeToPost\CodeToPost.csproj", "{BE7D4EED-C049-4774-B63F-7B06065256A2}"
EndProject
Project("{9A19103F-16F7-4668-BE54-9A1E7A4F7556}") = "CodeToPost.Core", "CodeToPost.core\CodeToPost.Core.csproj", "{63BA62EB-D7DE-4771-BBA7-54B4814678AE}"
EndProject
Project("{9A19103F-16F7-4668-BE54-9A1E7A4F7556}") = "CodeToPost.Data", "CodeToPost.data\CodeToPost.Data.csproj", "{FB747253-DA53-4C2D-92FF-9469A85FE21D}"
EndProject
Global
	GlobalSection(SolutionConfigurationPlatforms) = preSolution
		Debug|Any CPU = Debug|Any CPU
		Release|Any CPU = Release|Any CPU
	EndGlobalSection
	GlobalSection(ProjectConfigurationPlatforms) = postSolution
		{BE7D4EED-C049-4774-B63F-7B06065256A2}.Debug|Any CPU.ActiveCfg = Debug|Any CPU
		{BE7D4EED-C049-4774-B63F-7B06065256A2}.Debug|Any CPU.Build.0 = Debug|Any CPU
		{BE7D4EED-C049-4774-B63F-7B06065256A2}.Release|Any CPU.ActiveCfg = Release|Any CPU
		{BE7D4EED-C049-4774-B63F-7B06065256A2}.Release|Any CPU.Build.0 = Release|Any CPU
		{63BA62EB-D7DE-4771-BBA7-54B4814678AE}.Debug|Any CPU.ActiveCfg = Debug|Any CPU
		{63BA62EB-D7DE-4771-BBA7-54B4814678AE}.Debug|Any CPU.Build.0 = Debug|Any CPU
		{63BA62EB-D7DE-4771-BBA7-54B4814678AE}.Release|Any CPU.ActiveCfg = Release|Any CPU
		{63BA62EB-D7DE-4771-BBA7-54B4814678AE}.Release|Any CPU.Build.0 = Release|Any CPU
		{FB747253-DA53-4C2D-92FF-9469A85FE21D}.Debug|Any CPU.ActiveCfg = Debug|Any CPU
		{FB747253-DA53-4C2D-92FF-9469A85FE21D}.Debug|Any CPU.Build.0 = Debug|Any CPU
		{FB747253-DA53-4C2D-92FF-9469A85FE21D}.Release|Any CPU.ActiveCfg = Release|Any CPU
		{FB747253-DA53-4C2D-92FF-9469A85FE21D}.Release|Any CPU.Build.0 = Release|Any CPU
	EndGlobalSection
	GlobalSection(SolutionProperties) = preSolution
		HideSolutionNode = FALSE
	EndGlobalSection
	GlobalSection(ExtensibilityGlobals) = postSolution
		SolutionGuid = {4685D5D8-858B-4DDD-9DFD-49D6ED820233}
	EndGlobalSection
EndGlobal
